
Microsoft Visual Studio Solution File, Format Version 12.00
# Visual Studio 15
VisualStudioVersion = 15.0.27130.2036
MinimumVisualStudioVersion = 10.0.40219.1
Project("{FAE04EC0-301F-11D3-BF4B-00C04F79EFBC}") = "Student Information System GUI", "Student Information System GUI\Student Information System GUI.csproj", "{569D2705-F349-422F-B8CE-0FBD26A28E56}"
EndProject
Global
	GlobalSection(SolutionConfigurationPlatforms) = preSolution
		Debug|Any CPU = Debug|Any CPU
		Release|Any CPU = Release|Any CPU
	EndGlobalSection
	GlobalSection(ProjectConfigurationPlatforms) = postSolution
		{569D2705-F349-422F-B8CE-0FBD26A28E56}.Debug|Any CPU.ActiveCfg = Debug|Any CPU
		{569D2705-F349-422F-B8CE-0FBD26A28E56}.Debug|Any CPU.Build.0 = Debug|Any CPU
		{569D2705-F349-422F-B8CE-0FBD26A28E56}.Release|Any CPU.ActiveCfg = Release|Any CPU
		{569D2705-F349-422F-B8CE-0FBD26A28E56}.Release|Any CPU.Build.0 = Release|Any CPU
	EndGlobalSection
	GlobalSection(SolutionProperties) = preSolution
		HideSolutionNode = FALSE
	EndGlobalSection
	GlobalSection(ExtensibilityGlobals) = postSolution
		SolutionGuid = {E0893FB0-AEC8-4573-98D6-73629BDCC9F0}
	EndGlobalSection
EndGlobal
